// !$*UTF8*$!
{
	archiveVersion = 1;
	classes = {
	};
	objectVersion = 56;
	objects = {

/* Begin PBXBuildFile section */
		17715D182ABACB850078B5F9 /* Router.swift in Sources */ = {isa = PBXBuildFile; fileRef = 17715D172ABACB850078B5F9 /* Router.swift */; };
		17715D1C2ABACFCB0078B5F9 /* BeerViewModel.swift in Sources */ = {isa = PBXBuildFile; fileRef = 17715D1B2ABACFCB0078B5F9 /* BeerViewModel.swift */; };
		17715D1F2ABAD4D60078B5F9 /* Observable.swift in Sources */ = {isa = PBXBuildFile; fileRef = 17715D1E2ABAD4D60078B5F9 /* Observable.swift */; };
		17715D222ABAD9BE0078B5F9 /* Kingfisher in Frameworks */ = {isa = PBXBuildFile; productRef = 17715D212ABAD9BE0078B5F9 /* Kingfisher */; };
		1788897F2AB9BA8E0099B2A0 /* AppDelegate.swift in Sources */ = {isa = PBXBuildFile; fileRef = 1788897E2AB9BA8E0099B2A0 /* AppDelegate.swift */; };
		178889812AB9BA8E0099B2A0 /* SceneDelegate.swift in Sources */ = {isa = PBXBuildFile; fileRef = 178889802AB9BA8E0099B2A0 /* SceneDelegate.swift */; };
		178889832AB9BA8E0099B2A0 /* ViewController.swift in Sources */ = {isa = PBXBuildFile; fileRef = 178889822AB9BA8E0099B2A0 /* ViewController.swift */; };
		178889862AB9BA8E0099B2A0 /* Main.storyboard in Resources */ = {isa = PBXBuildFile; fileRef = 178889842AB9BA8E0099B2A0 /* Main.storyboard */; };
		178889882AB9BA8E0099B2A0 /* Assets.xcassets in Resources */ = {isa = PBXBuildFile; fileRef = 178889872AB9BA8E0099B2A0 /* Assets.xcassets */; };
		1788898B2AB9BA8E0099B2A0 /* LaunchScreen.storyboard in Resources */ = {isa = PBXBuildFile; fileRef = 178889892AB9BA8E0099B2A0 /* LaunchScreen.storyboard */; };
		178889942AB9BAD90099B2A0 /* Alamofire in Frameworks */ = {isa = PBXBuildFile; productRef = 178889932AB9BAD90099B2A0 /* Alamofire */; };
		178889972AB9BB450099B2A0 /* SnapKit in Frameworks */ = {isa = PBXBuildFile; productRef = 178889962AB9BB450099B2A0 /* SnapKit */; };
		178889992AB9BC7B0099B2A0 /* BeerAPI.swift in Sources */ = {isa = PBXBuildFile; fileRef = 178889982AB9BC7B0099B2A0 /* BeerAPI.swift */; };
		1788899C2AB9C2190099B2A0 /* Network.swift in Sources */ = {isa = PBXBuildFile; fileRef = 1788899B2AB9C2190099B2A0 /* Network.swift */; };
		1788899E2AB9C4D00099B2A0 /* BeerError.swift in Sources */ = {isa = PBXBuildFile; fileRef = 1788899D2AB9C4D00099B2A0 /* BeerError.swift */; };
		178889A02AB9C5C40099B2A0 /* Model.swift in Sources */ = {isa = PBXBuildFile; fileRef = 1788899F2AB9C5C40099B2A0 /* Model.swift */; };
/* End PBXBuildFile section */

/* Begin PBXFileReference section */
		17715D172ABACB850078B5F9 /* Router.swift */ = {isa = PBXFileReference; lastKnownFileType = sourcecode.swift; path = Router.swift; sourceTree = "<group>"; };
		17715D1B2ABACFCB0078B5F9 /* BeerViewModel.swift */ = {isa = PBXFileReference; lastKnownFileType = sourcecode.swift; path = BeerViewModel.swift; sourceTree = "<group>"; };
		17715D1E2ABAD4D60078B5F9 /* Observable.swift */ = {isa = PBXFileReference; lastKnownFileType = sourcecode.swift; path = Observable.swift; sourceTree = "<group>"; };
		1788897B2AB9BA8E0099B2A0 /* RandomBeer.app */ = {isa = PBXFileReference; explicitFileType = wrapper.application; includeInIndex = 0; path = RandomBeer.app; sourceTree = BUILT_PRODUCTS_DIR; };
		1788897E2AB9BA8E0099B2A0 /* AppDelegate.swift */ = {isa = PBXFileReference; lastKnownFileType = sourcecode.swift; path = AppDelegate.swift; sourceTree = "<group>"; };
		178889802AB9BA8E0099B2A0 /* SceneDelegate.swift */ = {isa = PBXFileReference; lastKnownFileType = sourcecode.swift; path = SceneDelegate.swift; sourceTree = "<group>"; };
		178889822AB9BA8E0099B2A0 /* ViewController.swift */ = {isa = PBXFileReference; lastKnownFileType = sourcecode.swift; path = ViewController.swift; sourceTree = "<group>"; };
		178889852AB9BA8E0099B2A0 /* Base */ = {isa = PBXFileReference; lastKnownFileType = file.storyboard; name = Base; path = Base.lproj/Main.storyboard; sourceTree = "<group>"; };
		178889872AB9BA8E0099B2A0 /* Assets.xcassets */ = {isa = PBXFileReference; lastKnownFileType = folder.assetcatalog; path = Assets.xcassets; sourceTree = "<group>"; };
		1788898A2AB9BA8E0099B2A0 /* Base */ = {isa = PBXFileReference; lastKnownFileType = file.storyboard; name = Base; path = Base.lproj/LaunchScreen.storyboard; sourceTree = "<group>"; };
		1788898C2AB9BA8E0099B2A0 /* Info.plist */ = {isa = PBXFileReference; lastKnownFileType = text.plist.xml; path = Info.plist; sourceTree = "<group>"; };
		178889982AB9BC7B0099B2A0 /* BeerAPI.swift */ = {isa = PBXFileReference; lastKnownFileType = sourcecode.swift; path = BeerAPI.swift; sourceTree = "<group>"; };
		1788899B2AB9C2190099B2A0 /* Network.swift */ = {isa = PBXFileReference; lastKnownFileType = sourcecode.swift; path = Network.swift; sourceTree = "<group>"; };
		1788899D2AB9C4D00099B2A0 /* BeerError.swift */ = {isa = PBXFileReference; lastKnownFileType = sourcecode.swift; path = BeerError.swift; sourceTree = "<group>"; };
		1788899F2AB9C5C40099B2A0 /* Model.swift */ = {isa = PBXFileReference; lastKnownFileType = sourcecode.swift; path = Model.swift; sourceTree = "<group>"; };
/* End PBXFileReference section */

/* Begin PBXFrameworksBuildPhase section */
		178889782AB9BA8E0099B2A0 /* Frameworks */ = {
			isa = PBXFrameworksBuildPhase;
			buildActionMask = 2147483647;
			files = (
				17715D222ABAD9BE0078B5F9 /* Kingfisher in Frameworks */,
				178889942AB9BAD90099B2A0 /* Alamofire in Frameworks */,
				178889972AB9BB450099B2A0 /* SnapKit in Frameworks */,
			);
			runOnlyForDeploymentPostprocessing = 0;
		};
/* End PBXFrameworksBuildPhase section */

/* Begin PBXGroup section */
		17715D192ABACFB40078B5F9 /* View */ = {
			isa = PBXGroup;
			children = (
				178889822AB9BA8E0099B2A0 /* ViewController.swift */,
			);
			path = View;
			sourceTree = "<group>";
		};
		17715D1A2ABACFBB0078B5F9 /* ViewModel */ = {
			isa = PBXGroup;
			children = (
				17715D1B2ABACFCB0078B5F9 /* BeerViewModel.swift */,
			);
			path = ViewModel;
			sourceTree = "<group>";
		};
		17715D1D2ABAD4C80078B5F9 /* Utility */ = {
			isa = PBXGroup;
			children = (
				17715D1E2ABAD4D60078B5F9 /* Observable.swift */,
			);
			path = Utility;
			sourceTree = "<group>";
		};
		178889722AB9BA8E0099B2A0 = {
			isa = PBXGroup;
			children = (
				1788897D2AB9BA8E0099B2A0 /* RandomBeer */,
				1788897C2AB9BA8E0099B2A0 /* Products */,
			);
			sourceTree = "<group>";
		};
		1788897C2AB9BA8E0099B2A0 /* Products */ = {
			isa = PBXGroup;
			children = (
				1788897B2AB9BA8E0099B2A0 /* RandomBeer.app */,
			);
			name = Products;
			sourceTree = "<group>";
		};
		1788897D2AB9BA8E0099B2A0 /* RandomBeer */ = {
			isa = PBXGroup;
			children = (
				17715D1D2ABAD4C80078B5F9 /* Utility */,
				17715D1A2ABACFBB0078B5F9 /* ViewModel */,
				1788897E2AB9BA8E0099B2A0 /* AppDelegate.swift */,
				178889802AB9BA8E0099B2A0 /* SceneDelegate.swift */,
				17715D192ABACFB40078B5F9 /* View */,
				178889842AB9BA8E0099B2A0 /* Main.storyboard */,
				178889872AB9BA8E0099B2A0 /* Assets.xcassets */,
				178889892AB9BA8E0099B2A0 /* LaunchScreen.storyboard */,
				1788898C2AB9BA8E0099B2A0 /* Info.plist */,
				1788899A2AB9C1BB0099B2A0 /* Network */,
			);
			path = RandomBeer;
			sourceTree = "<group>";
		};
		1788899A2AB9C1BB0099B2A0 /* Network */ = {
			isa = PBXGroup;
			children = (
				178889982AB9BC7B0099B2A0 /* BeerAPI.swift */,
				1788899B2AB9C2190099B2A0 /* Network.swift */,
				1788899D2AB9C4D00099B2A0 /* BeerError.swift */,
				1788899F2AB9C5C40099B2A0 /* Model.swift */,
				17715D172ABACB850078B5F9 /* Router.swift */,
			);
			path = Network;
			sourceTree = "<group>";
		};
/* End PBXGroup section */

/* Begin PBXNativeTarget section */
		1788897A2AB9BA8E0099B2A0 /* RandomBeer */ = {
			isa = PBXNativeTarget;
			buildConfigurationList = 1788898F2AB9BA8E0099B2A0 /* Build configuration list for PBXNativeTarget "RandomBeer" */;
			buildPhases = (
				178889772AB9BA8E0099B2A0 /* Sources */,
				178889782AB9BA8E0099B2A0 /* Frameworks */,
				178889792AB9BA8E0099B2A0 /* Resources */,
			);
			buildRules = (
			);
			dependencies = (
			);
			name = RandomBeer;
			packageProductDependencies = (
				178889932AB9BAD90099B2A0 /* Alamofire */,
				178889962AB9BB450099B2A0 /* SnapKit */,
				17715D212ABAD9BE0078B5F9 /* Kingfisher */,
			);
			productName = RandomBeer;
			productReference = 1788897B2AB9BA8E0099B2A0 /* RandomBeer.app */;
			productType = "com.apple.product-type.application";
		};
/* End PBXNativeTarget section */

/* Begin PBXProject section */
		178889732AB9BA8E0099B2A0 /* Project object */ = {
			isa = PBXProject;
			attributes = {
				BuildIndependentTargetsInParallel = 1;
				LastSwiftUpdateCheck = 1430;
				LastUpgradeCheck = 1430;
				TargetAttributes = {
					1788897A2AB9BA8E0099B2A0 = {
						CreatedOnToolsVersion = 14.3.1;
					};
				};
			};
			buildConfigurationList = 178889762AB9BA8E0099B2A0 /* Build configuration list for PBXProject "RandomBeer" */;
			compatibilityVersion = "Xcode 14.0";
			developmentRegion = en;
			hasScannedForEncodings = 0;
			knownRegions = (
				en,
				Base,
			);
			mainGroup = 178889722AB9BA8E0099B2A0;
			packageReferences = (
				178889922AB9BAD90099B2A0 /* XCRemoteSwiftPackageReference "Alamofire" */,
				178889952AB9BB450099B2A0 /* XCRemoteSwiftPackageReference "SnapKit" */,
				17715D202ABAD9BE0078B5F9 /* XCRemoteSwiftPackageReference "Kingfisher" */,
			);
			productRefGroup = 1788897C2AB9BA8E0099B2A0 /* Products */;
			projectDirPath = "";
			projectRoot = "";
			targets = (
				1788897A2AB9BA8E0099B2A0 /* RandomBeer */,
			);
		};
/* End PBXProject section */

/* Begin PBXResourcesBuildPhase section */
		178889792AB9BA8E0099B2A0 /* Resources */ = {
			isa = PBXResourcesBuildPhase;
			buildActionMask = 2147483647;
			files = (
				1788898B2AB9BA8E0099B2A0 /* LaunchScreen.storyboard in Resources */,
				178889882AB9BA8E0099B2A0 /* Assets.xcassets in Resources */,
				178889862AB9BA8E0099B2A0 /* Main.storyboard in Resources */,
			);
			runOnlyForDeploymentPostprocessing = 0;
		};
/* End PBXResourcesBuildPhase section */

/* Begin PBXSourcesBuildPhase section */
		178889772AB9BA8E0099B2A0 /* Sources */ = {
			isa = PBXSourcesBuildPhase;
			buildActionMask = 2147483647;
			files = (
				17715D1C2ABACFCB0078B5F9 /* BeerViewModel.swift in Sources */,
				17715D182ABACB850078B5F9 /* Router.swift in Sources */,
				178889A02AB9C5C40099B2A0 /* Model.swift in Sources */,
				1788899E2AB9C4D00099B2A0 /* BeerError.swift in Sources */,
				1788899C2AB9C2190099B2A0 /* Network.swift in Sources */,
				178889992AB9BC7B0099B2A0 /* BeerAPI.swift in Sources */,
				17715D1F2ABAD4D60078B5F9 /* Observable.swift in Sources */,
				178889832AB9BA8E0099B2A0 /* ViewController.swift in Sources */,
				1788897F2AB9BA8E0099B2A0 /* AppDelegate.swift in Sources */,
				178889812AB9BA8E0099B2A0 /* SceneDelegate.swift in Sources */,
			);
			runOnlyForDeploymentPostprocessing = 0;
		};
/* End PBXSourcesBuildPhase section */

/* Begin PBXVariantGroup section */
		178889842AB9BA8E0099B2A0 /* Main.storyboard */ = {
			isa = PBXVariantGroup;
			children = (
				178889852AB9BA8E0099B2A0 /* Base */,
			);
			name = Main.storyboard;
			sourceTree = "<group>";
		};
		178889892AB9BA8E0099B2A0 /* LaunchScreen.storyboard */ = {
			isa = PBXVariantGroup;
			children = (
				1788898A2AB9BA8E0099B2A0 /* Base */,
			);
			name = LaunchScreen.storyboard;
			sourceTree = "<group>";
		};
/* End PBXVariantGroup section */

/* Begin XCBuildConfiguration section */
		1788898D2AB9BA8E0099B2A0 /* Debug */ = {
			isa = XCBuildConfiguration;
			buildSettings = {
				ALWAYS_SEARCH_USER_PATHS = NO;
				CLANG_ANALYZER_NONNULL = YES;
				CLANG_ANALYZER_NUMBER_OBJECT_CONVERSION = YES_AGGRESSIVE;
				CLANG_CXX_LANGUAGE_STANDARD = "gnu++20";
				CLANG_ENABLE_MODULES = YES;
				CLANG_ENABLE_OBJC_ARC = YES;
				CLANG_ENABLE_OBJC_WEAK = YES;
				CLANG_WARN_BLOCK_CAPTURE_AUTORELEASING = YES;
				CLANG_WARN_BOOL_CONVERSION = YES;
				CLANG_WARN_COMMA = YES;
				CLANG_WARN_CONSTANT_CONVERSION = YES;
				CLANG_WARN_DEPRECATED_OBJC_IMPLEMENTATIONS = YES;
				CLANG_WARN_DIRECT_OBJC_ISA_USAGE = YES_ERROR;
				CLANG_WARN_DOCUMENTATION_COMMENTS = YES;
				CLANG_WARN_EMPTY_BODY = YES;
				CLANG_WARN_ENUM_CONVERSION = YES;
				CLANG_WARN_INFINITE_RECURSION = YES;
				CLANG_WARN_INT_CONVERSION = YES;
				CLANG_WARN_NON_LITERAL_NULL_CONVERSION = YES;
				CLANG_WARN_OBJC_IMPLICIT_RETAIN_SELF = YES;
				CLANG_WARN_OBJC_LITERAL_CONVERSION = YES;
				CLANG_WARN_OBJC_ROOT_CLASS = YES_ERROR;
				CLANG_WARN_QUOTED_INCLUDE_IN_FRAMEWORK_HEADER = YES;
				CLANG_WARN_RANGE_LOOP_ANALYSIS = YES;
				CLANG_WARN_STRICT_PROTOTYPES = YES;
				CLANG_WARN_SUSPICIOUS_MOVE = YES;
				CLANG_WARN_UNGUARDED_AVAILABILITY = YES_AGGRESSIVE;
				CLANG_WARN_UNREACHABLE_CODE = YES;
				CLANG_WARN__DUPLICATE_METHOD_MATCH = YES;
				COPY_PHASE_STRIP = NO;
				DEBUG_INFORMATION_FORMAT = dwarf;
				ENABLE_STRICT_OBJC_MSGSEND = YES;
				ENABLE_TESTABILITY = YES;
				GCC_C_LANGUAGE_STANDARD = gnu11;
				GCC_DYNAMIC_NO_PIC = NO;
				GCC_NO_COMMON_BLOCKS = YES;
				GCC_OPTIMIZATION_LEVEL = 0;
				GCC_PREPROCESSOR_DEFINITIONS = (
					"DEBUG=1",
					"$(inherited)",
				);
				GCC_WARN_64_TO_32_BIT_CONVERSION = YES;
				GCC_WARN_ABOUT_RETURN_TYPE = YES_ERROR;
				GCC_WARN_UNDECLARED_SELECTOR = YES;
				GCC_WARN_UNINITIALIZED_AUTOS = YES_AGGRESSIVE;
				GCC_WARN_UNUSED_FUNCTION = YES;
				GCC_WARN_UNUSED_VARIABLE = YES;
				IPHONEOS_DEPLOYMENT_TARGET = 16.4;
				MTL_ENABLE_DEBUG_INFO = INCLUDE_SOURCE;
				MTL_FAST_MATH = YES;
				ONLY_ACTIVE_ARCH = YES;
				SDKROOT = iphoneos;
				SWIFT_ACTIVE_COMPILATION_CONDITIONS = DEBUG;
				SWIFT_OPTIMIZATION_LEVEL = "-Onone";
			};
			name = Debug;
		};
		1788898E2AB9BA8E0099B2A0 /* Release */ = {
			isa = XCBuildConfiguration;
			buildSettings = {
				ALWAYS_SEARCH_USER_PATHS = NO;
				CLANG_ANALYZER_NONNULL = YES;
				CLANG_ANALYZER_NUMBER_OBJECT_CONVERSION = YES_AGGRESSIVE;
				CLANG_CXX_LANGUAGE_STANDARD = "gnu++20";
				CLANG_ENABLE_MODULES = YES;
				CLANG_ENABLE_OBJC_ARC = YES;
				CLANG_ENABLE_OBJC_WEAK = YES;
				CLANG_WARN_BLOCK_CAPTURE_AUTORELEASING = YES;
				CLANG_WARN_BOOL_CONVERSION = YES;
				CLANG_WARN_COMMA = YES;
				CLANG_WARN_CONSTANT_CONVERSION = YES;
				CLANG_WARN_DEPRECATED_OBJC_IMPLEMENTATIONS = YES;
				CLANG_WARN_DIRECT_OBJC_ISA_USAGE = YES_ERROR;
				CLANG_WARN_DOCUMENTATION_COMMENTS = YES;
				CLANG_WARN_EMPTY_BODY = YES;
				CLANG_WARN_ENUM_CONVERSION = YES;
				CLANG_WARN_INFINITE_RECURSION = YES;
				CLANG_WARN_INT_CONVERSION = YES;
				CLANG_WARN_NON_LITERAL_NULL_CONVERSION = YES;
				CLANG_WARN_OBJC_IMPLICIT_RETAIN_SELF = YES;
				CLANG_WARN_OBJC_LITERAL_CONVERSION = YES;
				CLANG_WARN_OBJC_ROOT_CLASS = YES_ERROR;
				CLANG_WARN_QUOTED_INCLUDE_IN_FRAMEWORK_HEADER = YES;
				CLANG_WARN_RANGE_LOOP_ANALYSIS = YES;
				CLANG_WARN_STRICT_PROTOTYPES = YES;
				CLANG_WARN_SUSPICIOUS_MOVE = YES;
				CLANG_WARN_UNGUARDED_AVAILABILITY = YES_AGGRESSIVE;
				CLANG_WARN_UNREACHABLE_CODE = YES;
				CLANG_WARN__DUPLICATE_METHOD_MATCH = YES;
				COPY_PHASE_STRIP = NO;
				DEBUG_INFORMATION_FORMAT = "dwarf-with-dsym";
				ENABLE_NS_ASSERTIONS = NO;
				ENABLE_STRICT_OBJC_MSGSEND = YES;
				GCC_C_LANGUAGE_STANDARD = gnu11;
				GCC_NO_COMMON_BLOCKS = YES;
				GCC_WARN_64_TO_32_BIT_CONVERSION = YES;
				GCC_WARN_ABOUT_RETURN_TYPE = YES_ERROR;
				GCC_WARN_UNDECLARED_SELECTOR = YES;
				GCC_WARN_UNINITIALIZED_AUTOS = YES_AGGRESSIVE;
				GCC_WARN_UNUSED_FUNCTION = YES;
				GCC_WARN_UNUSED_VARIABLE = YES;
				IPHONEOS_DEPLOYMENT_TARGET = 16.4;
				MTL_ENABLE_DEBUG_INFO = NO;
				MTL_FAST_MATH = YES;
				SDKROOT = iphoneos;
				SWIFT_COMPILATION_MODE = wholemodule;
				SWIFT_OPTIMIZATION_LEVEL = "-O";
				VALIDATE_PRODUCT = YES;
			};
			name = Release;
		};
		178889902AB9BA8E0099B2A0 /* Debug */ = {
			isa = XCBuildConfiguration;
			buildSettings = {
				ASSETCATALOG_COMPILER_APPICON_NAME = AppIcon;
				ASSETCATALOG_COMPILER_GLOBAL_ACCENT_COLOR_NAME = AccentColor;
				CODE_SIGN_STYLE = Automatic;
				CURRENT_PROJECT_VERSION = 1;
				DEVELOPMENT_TEAM = H5BHKL6637;
				GENERATE_INFOPLIST_FILE = YES;
				INFOPLIST_FILE = RandomBeer/Info.plist;
				INFOPLIST_KEY_UIApplicationSupportsIndirectInputEvents = YES;
				INFOPLIST_KEY_UILaunchStoryboardName = LaunchScreen;
				INFOPLIST_KEY_UISupportedInterfaceOrientations_iPad = "UIInterfaceOrientationPortrait UIInterfaceOrientationPortraitUpsideDown UIInterfaceOrientationLandscapeLeft UIInterfaceOrientationLandscapeRight";
				INFOPLIST_KEY_UISupportedInterfaceOrientations_iPhone = "UIInterfaceOrientationPortrait UIInterfaceOrientationLandscapeLeft UIInterfaceOrientationLandscapeRight";
				LD_RUNPATH_SEARCH_PATHS = (
					"$(inherited)",
					"@executable_path/Frameworks",
				);
				MARKETING_VERSION = 1.0;
				PRODUCT_BUNDLE_IDENTIFIER = com.hyeonseok.RandomBeer;
				PRODUCT_NAME = "$(TARGET_NAME)";
				SWIFT_EMIT_LOC_STRINGS = YES;
				SWIFT_VERSION = 5.0;
				TARGETED_DEVICE_FAMILY = "1,2";
			};
			name = Debug;
		};
		178889912AB9BA8E0099B2A0 /* Release */ = {
			isa = XCBuildConfiguration;
			buildSettings = {
				ASSETCATALOG_COMPILER_APPICON_NAME = AppIcon;
				ASSETCATALOG_COMPILER_GLOBAL_ACCENT_COLOR_NAME = AccentColor;
				CODE_SIGN_STYLE = Automatic;
				CURRENT_PROJECT_VERSION = 1;
				DEVELOPMENT_TEAM = H5BHKL6637;
				GENERATE_INFOPLIST_FILE = YES;
				INFOPLIST_FILE = RandomBeer/Info.plist;
				INFOPLIST_KEY_UIApplicationSupportsIndirectInputEvents = YES;
				INFOPLIST_KEY_UILaunchStoryboardName = LaunchScreen;
				INFOPLIST_KEY_UISupportedInterfaceOrientations_iPad = "UIInterfaceOrientationPortrait UIInterfaceOrientationPortraitUpsideDown UIInterfaceOrientationLandscapeLeft UIInterfaceOrientationLandscapeRight";
				INFOPLIST_KEY_UISupportedInterfaceOrientations_iPhone = "UIInterfaceOrientationPortrait UIInterfaceOrientationLandscapeLeft UIInterfaceOrientationLandscapeRight";
				LD_RUNPATH_SEARCH_PATHS = (
					"$(inherited)",
					"@executable_path/Frameworks",
				);
				MARKETING_VERSION = 1.0;
				PRODUCT_BUNDLE_IDENTIFIER = com.hyeonseok.RandomBeer;
				PRODUCT_NAME = "$(TARGET_NAME)";
				SWIFT_EMIT_LOC_STRINGS = YES;
				SWIFT_VERSION = 5.0;
				TARGETED_DEVICE_FAMILY = "1,2";
			};
			name = Release;
		};
/* End XCBuildConfiguration section */

/* Begin XCConfigurationList section */
		178889762AB9BA8E0099B2A0 /* Build configuration list for PBXProject "RandomBeer" */ = {
			isa = XCConfigurationList;
			buildConfigurations = (
				1788898D2AB9BA8E0099B2A0 /* Debug */,
				1788898E2AB9BA8E0099B2A0 /* Release */,
			);
			defaultConfigurationIsVisible = 0;
			defaultConfigurationName = Release;
		};
		1788898F2AB9BA8E0099B2A0 /* Build configuration list for PBXNativeTarget "RandomBeer" */ = {
			isa = XCConfigurationList;
			buildConfigurations = (
				178889902AB9BA8E0099B2A0 /* Debug */,
				178889912AB9BA8E0099B2A0 /* Release */,
			);
			defaultConfigurationIsVisible = 0;
			defaultConfigurationName = Release;
		};
/* End XCConfigurationList section */

/* Begin XCRemoteSwiftPackageReference section */
		17715D202ABAD9BE0078B5F9 /* XCRemoteSwiftPackageReference "Kingfisher" */ = {
			isa = XCRemoteSwiftPackageReference;
			repositoryURL = "https://github.com/onevcat/Kingfisher.git";
			requirement = {
				kind = upToNextMajorVersion;
				minimumVersion = 7.0.0;
			};
		};
		178889922AB9BAD90099B2A0 /* XCRemoteSwiftPackageReference "Alamofire" */ = {
			isa = XCRemoteSwiftPackageReference;
			repositoryURL = "https://github.com/Alamofire/Alamofire.git";
			requirement = {
				kind = upToNextMajorVersion;
				minimumVersion = 5.0.0;
			};
		};
		178889952AB9BB450099B2A0 /* XCRemoteSwiftPackageReference "SnapKit" */ = {
			isa = XCRemoteSwiftPackageReference;
			repositoryURL = "https://github.com/SnapKit/SnapKit.git";
			requirement = {
				kind = upToNextMajorVersion;
				minimumVersion = 5.0.0;
			};
		};
/* End XCRemoteSwiftPackageReference section */

/* Begin XCSwiftPackageProductDependency section */
		17715D212ABAD9BE0078B5F9 /* Kingfisher */ = {
			isa = XCSwiftPackageProductDependency;
			package = 17715D202ABAD9BE0078B5F9 /* XCRemoteSwiftPackageReference "Kingfisher" */;
			productName = Kingfisher;
		};
		178889932AB9BAD90099B2A0 /* Alamofire */ = {
			isa = XCSwiftPackageProductDependency;
			package = 178889922AB9BAD90099B2A0 /* XCRemoteSwiftPackageReference "Alamofire" */;
			productName = Alamofire;
		};
		178889962AB9BB450099B2A0 /* SnapKit */ = {
			isa = XCSwiftPackageProductDependency;
			package = 178889952AB9BB450099B2A0 /* XCRemoteSwiftPackageReference "SnapKit" */;
			productName = SnapKit;
		};
/* End XCSwiftPackageProductDependency section */
	};
	rootObject = 178889732AB9BA8E0099B2A0 /* Project object */;
}
